
Microsoft Visual Studio Solution File, Format Version 12.00
# Visual Studio Version 17
VisualStudioVersion = 17.11.35303.130
MinimumVisualStudioVersion = 10.0.40219.1
Project("{FAE04EC0-301F-11D3-BF4B-00C04F79EFBC}") = "ProyectoFinal", "ProyectoFinal\ProyectoFinal.csproj", "{168572E4-B6A1-458F-8FBC-83E76CDEE387}"
EndProject
Global
	GlobalSection(SolutionConfigurationPlatforms) = preSolution
		Debug|Any CPU = Debug|Any CPU
		Release|Any CPU = Release|Any CPU
	EndGlobalSection
	GlobalSection(ProjectConfigurationPlatforms) = postSolution
		{168572E4-B6A1-458F-8FBC-83E76CDEE387}.Debug|Any CPU.ActiveCfg = Debug|Any CPU
		{168572E4-B6A1-458F-8FBC-83E76CDEE387}.Debug|Any CPU.Build.0 = Debug|Any CPU
		{168572E4-B6A1-458F-8FBC-83E76CDEE387}.Release|Any CPU.ActiveCfg = Release|Any CPU
		{168572E4-B6A1-458F-8FBC-83E76CDEE387}.Release|Any CPU.Build.0 = Release|Any CPU
	EndGlobalSection
	GlobalSection(SolutionProperties) = preSolution
		HideSolutionNode = FALSE
	EndGlobalSection
	GlobalSection(ExtensibilityGlobals) = postSolution
		SolutionGuid = {4AE80E8F-CC30-45DB-92D3-8BC71418BA7A}
	EndGlobalSection
EndGlobal
