
Microsoft Visual Studio Solution File, Format Version 12.00
# Visual Studio Version 17
VisualStudioVersion = 17.11.35303.130
MinimumVisualStudioVersion = 10.0.40219.1
Project("{FAE04EC0-301F-11D3-BF4B-00C04F79EFBC}") = "Laboratorio9", "Laboratorio9\Laboratorio9.csproj", "{3584E2BF-C19A-46E9-BF64-4CC074A0D468}"
EndProject
Project("{FAE04EC0-301F-11D3-BF4B-00C04F79EFBC}") = "Laboratorio9-2", "Laboratorio9-2\Laboratorio9-2.csproj", "{C2D81FC6-1333-4E93-A856-400E1ED87C38}"
EndProject
Project("{FAE04EC0-301F-11D3-BF4B-00C04F79EFBC}") = "Laboratorio9-3", "Laboratorio9-3\Laboratorio9-3.csproj", "{2D2D9255-4BFA-4E75-B4ED-61A64719AD09}"
EndProject
Project("{FAE04EC0-301F-11D3-BF4B-00C04F79EFBC}") = "Laboratorio9-4", "Laboratorio9-4\Laboratorio9-4.csproj", "{D5981594-957A-46B3-9450-25BA071C5D9A}"
EndProject
Project("{FAE04EC0-301F-11D3-BF4B-00C04F79EFBC}") = "Laboratorio9-5", "Laboratorio9-5\Laboratorio9-5.csproj", "{C2D20FF8-69ED-41B3-87DB-8E62AC3316D6}"
EndProject
Global
	GlobalSection(SolutionConfigurationPlatforms) = preSolution
		Debug|Any CPU = Debug|Any CPU
		Release|Any CPU = Release|Any CPU
	EndGlobalSection
	GlobalSection(ProjectConfigurationPlatforms) = postSolution
		{3584E2BF-C19A-46E9-BF64-4CC074A0D468}.Debug|Any CPU.ActiveCfg = Debug|Any CPU
		{3584E2BF-C19A-46E9-BF64-4CC074A0D468}.Debug|Any CPU.Build.0 = Debug|Any CPU
		{3584E2BF-C19A-46E9-BF64-4CC074A0D468}.Release|Any CPU.ActiveCfg = Release|Any CPU
		{3584E2BF-C19A-46E9-BF64-4CC074A0D468}.Release|Any CPU.Build.0 = Release|Any CPU
		{C2D81FC6-1333-4E93-A856-400E1ED87C38}.Debug|Any CPU.ActiveCfg = Debug|Any CPU
		{C2D81FC6-1333-4E93-A856-400E1ED87C38}.Debug|Any CPU.Build.0 = Debug|Any CPU
		{C2D81FC6-1333-4E93-A856-400E1ED87C38}.Release|Any CPU.ActiveCfg = Release|Any CPU
		{C2D81FC6-1333-4E93-A856-400E1ED87C38}.Release|Any CPU.Build.0 = Release|Any CPU
		{2D2D9255-4BFA-4E75-B4ED-61A64719AD09}.Debug|Any CPU.ActiveCfg = Debug|Any CPU
		{2D2D9255-4BFA-4E75-B4ED-61A64719AD09}.Debug|Any CPU.Build.0 = Debug|Any CPU
		{2D2D9255-4BFA-4E75-B4ED-61A64719AD09}.Release|Any CPU.ActiveCfg = Release|Any CPU
		{2D2D9255-4BFA-4E75-B4ED-61A64719AD09}.Release|Any CPU.Build.0 = Release|Any CPU
		{D5981594-957A-46B3-9450-25BA071C5D9A}.Debug|Any CPU.ActiveCfg = Debug|Any CPU
		{D5981594-957A-46B3-9450-25BA071C5D9A}.Debug|Any CPU.Build.0 = Debug|Any CPU
		{D5981594-957A-46B3-9450-25BA071C5D9A}.Release|Any CPU.ActiveCfg = Release|Any CPU
		{D5981594-957A-46B3-9450-25BA071C5D9A}.Release|Any CPU.Build.0 = Release|Any CPU
		{C2D20FF8-69ED-41B3-87DB-8E62AC3316D6}.Debug|Any CPU.ActiveCfg = Debug|Any CPU
		{C2D20FF8-69ED-41B3-87DB-8E62AC3316D6}.Debug|Any CPU.Build.0 = Debug|Any CPU
		{C2D20FF8-69ED-41B3-87DB-8E62AC3316D6}.Release|Any CPU.ActiveCfg = Release|Any CPU
		{C2D20FF8-69ED-41B3-87DB-8E62AC3316D6}.Release|Any CPU.Build.0 = Release|Any CPU
	EndGlobalSection
	GlobalSection(SolutionProperties) = preSolution
		HideSolutionNode = FALSE
	EndGlobalSection
	GlobalSection(ExtensibilityGlobals) = postSolution
		SolutionGuid = {D8F7D6B4-1858-4035-B55A-44498E620D60}
	EndGlobalSection
EndGlobal
