
Microsoft Visual Studio Solution File, Format Version 12.00
# Visual Studio Version 17
VisualStudioVersion = 17.11.35303.130
MinimumVisualStudioVersion = 10.0.40219.1
Project("{FAE04EC0-301F-11D3-BF4B-00C04F79EFBC}") = "Laboratorio6-1", "Laboratorio6\Laboratorio6-1.csproj", "{F13B9B7D-2803-4317-B956-E3154114CD00}"
EndProject
Project("{FAE04EC0-301F-11D3-BF4B-00C04F79EFBC}") = "Laboratorio6-2", "Laboratorio6-2\Laboratorio6-2.csproj", "{0988E234-A255-4216-89C3-0BE45E41AF4B}"
EndProject
Project("{FAE04EC0-301F-11D3-BF4B-00C04F79EFBC}") = "Laboratorio6-3", "Laboratorio6-3\Laboratorio6-3.csproj", "{3DB543EA-AE75-4F40-9450-678826841AEA}"
EndProject
Project("{FAE04EC0-301F-11D3-BF4B-00C04F79EFBC}") = "Laboratorio6-4", "Laboratorio6-4\Laboratorio6-4.csproj", "{633A64B3-D009-4ACA-9625-E140330E4631}"
EndProject
Global
	GlobalSection(SolutionConfigurationPlatforms) = preSolution
		Debug|Any CPU = Debug|Any CPU
		Release|Any CPU = Release|Any CPU
	EndGlobalSection
	GlobalSection(ProjectConfigurationPlatforms) = postSolution
		{F13B9B7D-2803-4317-B956-E3154114CD00}.Debug|Any CPU.ActiveCfg = Debug|Any CPU
		{F13B9B7D-2803-4317-B956-E3154114CD00}.Debug|Any CPU.Build.0 = Debug|Any CPU
		{F13B9B7D-2803-4317-B956-E3154114CD00}.Release|Any CPU.ActiveCfg = Release|Any CPU
		{F13B9B7D-2803-4317-B956-E3154114CD00}.Release|Any CPU.Build.0 = Release|Any CPU
		{0988E234-A255-4216-89C3-0BE45E41AF4B}.Debug|Any CPU.ActiveCfg = Debug|Any CPU
		{0988E234-A255-4216-89C3-0BE45E41AF4B}.Debug|Any CPU.Build.0 = Debug|Any CPU
		{0988E234-A255-4216-89C3-0BE45E41AF4B}.Release|Any CPU.ActiveCfg = Release|Any CPU
		{0988E234-A255-4216-89C3-0BE45E41AF4B}.Release|Any CPU.Build.0 = Release|Any CPU
		{3DB543EA-AE75-4F40-9450-678826841AEA}.Debug|Any CPU.ActiveCfg = Debug|Any CPU
		{3DB543EA-AE75-4F40-9450-678826841AEA}.Debug|Any CPU.Build.0 = Debug|Any CPU
		{3DB543EA-AE75-4F40-9450-678826841AEA}.Release|Any CPU.ActiveCfg = Release|Any CPU
		{3DB543EA-AE75-4F40-9450-678826841AEA}.Release|Any CPU.Build.0 = Release|Any CPU
		{633A64B3-D009-4ACA-9625-E140330E4631}.Debug|Any CPU.ActiveCfg = Debug|Any CPU
		{633A64B3-D009-4ACA-9625-E140330E4631}.Debug|Any CPU.Build.0 = Debug|Any CPU
		{633A64B3-D009-4ACA-9625-E140330E4631}.Release|Any CPU.ActiveCfg = Release|Any CPU
		{633A64B3-D009-4ACA-9625-E140330E4631}.Release|Any CPU.Build.0 = Release|Any CPU
	EndGlobalSection
	GlobalSection(SolutionProperties) = preSolution
		HideSolutionNode = FALSE
	EndGlobalSection
	GlobalSection(ExtensibilityGlobals) = postSolution
		SolutionGuid = {7ABEBB5E-A2E8-4E17-8503-8C0FD98602E8}
	EndGlobalSection
EndGlobal
