
Microsoft Visual Studio Solution File, Format Version 12.00
# Visual Studio Version 17
VisualStudioVersion = 17.11.35303.130
MinimumVisualStudioVersion = 10.0.40219.1
Project("{F184B08F-C81C-45F6-A57F-5ABD9991F28F}") = "Laboratorio10", "Laboratorio10\Laboratorio10.vbproj", "{A161F80E-D8A3-4CAA-97E2-45E2AE2781D1}"
EndProject
Project("{F184B08F-C81C-45F6-A57F-5ABD9991F28F}") = "Laboratorio10-2", "Laboratorio10-2\Laboratorio10-2.vbproj", "{3DB1A111-1922-44E3-90EB-4EE0FD0FDC9C}"
EndProject
Project("{F184B08F-C81C-45F6-A57F-5ABD9991F28F}") = "Laboratorio10-3", "Laboratorio10-3\Laboratorio10-3.vbproj", "{E9E0E921-F607-48B6-A03B-A6A3A7BCDB91}"
EndProject
Project("{F184B08F-C81C-45F6-A57F-5ABD9991F28F}") = "Laboratorio10-4", "Laboratorio10-4\Laboratorio10-4.vbproj", "{29E076BE-D5A6-4466-8FBA-6436E6663549}"
EndProject
Global
	GlobalSection(SolutionConfigurationPlatforms) = preSolution
		Debug|Any CPU = Debug|Any CPU
		Release|Any CPU = Release|Any CPU
	EndGlobalSection
	GlobalSection(ProjectConfigurationPlatforms) = postSolution
		{A161F80E-D8A3-4CAA-97E2-45E2AE2781D1}.Debug|Any CPU.ActiveCfg = Debug|Any CPU
		{A161F80E-D8A3-4CAA-97E2-45E2AE2781D1}.Debug|Any CPU.Build.0 = Debug|Any CPU
		{A161F80E-D8A3-4CAA-97E2-45E2AE2781D1}.Release|Any CPU.ActiveCfg = Release|Any CPU
		{A161F80E-D8A3-4CAA-97E2-45E2AE2781D1}.Release|Any CPU.Build.0 = Release|Any CPU
		{3DB1A111-1922-44E3-90EB-4EE0FD0FDC9C}.Debug|Any CPU.ActiveCfg = Debug|Any CPU
		{3DB1A111-1922-44E3-90EB-4EE0FD0FDC9C}.Debug|Any CPU.Build.0 = Debug|Any CPU
		{3DB1A111-1922-44E3-90EB-4EE0FD0FDC9C}.Release|Any CPU.ActiveCfg = Release|Any CPU
		{3DB1A111-1922-44E3-90EB-4EE0FD0FDC9C}.Release|Any CPU.Build.0 = Release|Any CPU
		{E9E0E921-F607-48B6-A03B-A6A3A7BCDB91}.Debug|Any CPU.ActiveCfg = Debug|Any CPU
		{E9E0E921-F607-48B6-A03B-A6A3A7BCDB91}.Debug|Any CPU.Build.0 = Debug|Any CPU
		{E9E0E921-F607-48B6-A03B-A6A3A7BCDB91}.Release|Any CPU.ActiveCfg = Release|Any CPU
		{E9E0E921-F607-48B6-A03B-A6A3A7BCDB91}.Release|Any CPU.Build.0 = Release|Any CPU
		{29E076BE-D5A6-4466-8FBA-6436E6663549}.Debug|Any CPU.ActiveCfg = Debug|Any CPU
		{29E076BE-D5A6-4466-8FBA-6436E6663549}.Debug|Any CPU.Build.0 = Debug|Any CPU
		{29E076BE-D5A6-4466-8FBA-6436E6663549}.Release|Any CPU.ActiveCfg = Release|Any CPU
		{29E076BE-D5A6-4466-8FBA-6436E6663549}.Release|Any CPU.Build.0 = Release|Any CPU
	EndGlobalSection
	GlobalSection(SolutionProperties) = preSolution
		HideSolutionNode = FALSE
	EndGlobalSection
	GlobalSection(ExtensibilityGlobals) = postSolution
		SolutionGuid = {EDDFFB7B-1C2E-4281-9F1D-5CFF321A3510}
	EndGlobalSection
EndGlobal
