
Microsoft Visual Studio Solution File, Format Version 12.00
# Visual Studio Version 17
VisualStudioVersion = 17.11.35219.272
MinimumVisualStudioVersion = 10.0.40219.1
Project("{FAE04EC0-301F-11D3-BF4B-00C04F79EFBC}") = "Laboratorio15", "Laboratorio15\Laboratorio15.csproj", "{D30D0B74-E130-4B04-92F9-17A058A28255}"
EndProject
Project("{9A19103F-16F7-4668-BE54-9A1E7A4F7556}") = "Laboratorio152", "Laboratorio152\Laboratorio152.csproj", "{77D8BA41-97EC-4CE9-BA60-3CBD8B39B3A3}"
EndProject
Project("{FAE04EC0-301F-11D3-BF4B-00C04F79EFBC}") = "Laboratorio153", "Laboratorio153\Laboratorio153.csproj", "{B6E43C47-78DD-4D4E-999C-D75785730122}"
EndProject
Project("{FAE04EC0-301F-11D3-BF4B-00C04F79EFBC}") = "Laboratorio154", "Laboratorio154\Laboratorio154.csproj", "{78EA3FD8-66EA-421B-8632-1930CB38F90B}"
EndProject
Global
	GlobalSection(SolutionConfigurationPlatforms) = preSolution
		Debug|Any CPU = Debug|Any CPU
		Release|Any CPU = Release|Any CPU
	EndGlobalSection
	GlobalSection(ProjectConfigurationPlatforms) = postSolution
		{D30D0B74-E130-4B04-92F9-17A058A28255}.Debug|Any CPU.ActiveCfg = Debug|Any CPU
		{D30D0B74-E130-4B04-92F9-17A058A28255}.Debug|Any CPU.Build.0 = Debug|Any CPU
		{D30D0B74-E130-4B04-92F9-17A058A28255}.Release|Any CPU.ActiveCfg = Release|Any CPU
		{D30D0B74-E130-4B04-92F9-17A058A28255}.Release|Any CPU.Build.0 = Release|Any CPU
		{77D8BA41-97EC-4CE9-BA60-3CBD8B39B3A3}.Debug|Any CPU.ActiveCfg = Debug|Any CPU
		{77D8BA41-97EC-4CE9-BA60-3CBD8B39B3A3}.Debug|Any CPU.Build.0 = Debug|Any CPU
		{77D8BA41-97EC-4CE9-BA60-3CBD8B39B3A3}.Release|Any CPU.ActiveCfg = Release|Any CPU
		{77D8BA41-97EC-4CE9-BA60-3CBD8B39B3A3}.Release|Any CPU.Build.0 = Release|Any CPU
		{B6E43C47-78DD-4D4E-999C-D75785730122}.Debug|Any CPU.ActiveCfg = Debug|Any CPU
		{B6E43C47-78DD-4D4E-999C-D75785730122}.Debug|Any CPU.Build.0 = Debug|Any CPU
		{B6E43C47-78DD-4D4E-999C-D75785730122}.Release|Any CPU.ActiveCfg = Release|Any CPU
		{B6E43C47-78DD-4D4E-999C-D75785730122}.Release|Any CPU.Build.0 = Release|Any CPU
		{78EA3FD8-66EA-421B-8632-1930CB38F90B}.Debug|Any CPU.ActiveCfg = Debug|Any CPU
		{78EA3FD8-66EA-421B-8632-1930CB38F90B}.Debug|Any CPU.Build.0 = Debug|Any CPU
		{78EA3FD8-66EA-421B-8632-1930CB38F90B}.Release|Any CPU.ActiveCfg = Release|Any CPU
		{78EA3FD8-66EA-421B-8632-1930CB38F90B}.Release|Any CPU.Build.0 = Release|Any CPU
	EndGlobalSection
	GlobalSection(SolutionProperties) = preSolution
		HideSolutionNode = FALSE
	EndGlobalSection
	GlobalSection(ExtensibilityGlobals) = postSolution
		SolutionGuid = {B1B30FE6-DA0D-4D56-983C-74DD6FC6D041}
	EndGlobalSection
EndGlobal
