
Microsoft Visual Studio Solution File, Format Version 12.00
# Visual Studio Version 17
VisualStudioVersion = 17.11.35303.130
MinimumVisualStudioVersion = 10.0.40219.1
Project("{FAE04EC0-301F-11D3-BF4B-00C04F79EFBC}") = "Laboratorio13", "Laboratorio13\Laboratorio13.csproj", "{592F84E4-C0FB-4086-ADB4-91BFC7B405A5}"
EndProject
Global
	GlobalSection(SolutionConfigurationPlatforms) = preSolution
		Debug|Any CPU = Debug|Any CPU
		Release|Any CPU = Release|Any CPU
	EndGlobalSection
	GlobalSection(ProjectConfigurationPlatforms) = postSolution
		{592F84E4-C0FB-4086-ADB4-91BFC7B405A5}.Debug|Any CPU.ActiveCfg = Debug|Any CPU
		{592F84E4-C0FB-4086-ADB4-91BFC7B405A5}.Debug|Any CPU.Build.0 = Debug|Any CPU
		{592F84E4-C0FB-4086-ADB4-91BFC7B405A5}.Release|Any CPU.ActiveCfg = Release|Any CPU
		{592F84E4-C0FB-4086-ADB4-91BFC7B405A5}.Release|Any CPU.Build.0 = Release|Any CPU
	EndGlobalSection
	GlobalSection(SolutionProperties) = preSolution
		HideSolutionNode = FALSE
	EndGlobalSection
	GlobalSection(ExtensibilityGlobals) = postSolution
		SolutionGuid = {0D23FAA5-CDB3-425C-B8A0-D3083864804B}
	EndGlobalSection
EndGlobal
